// !$*UTF8*$!
{
	archiveVersion = 1;
	classes = {
	};
	objectVersion = 46;
	objects = {

/* Begin PBXBuildFile section */
		200741021BB0D1A8004ECB78 /* HTTP.swift in Sources */ = {isa = PBXBuildFile; fileRef = 200741011BB0D1A8004ECB78 /* HTTP.swift */; settings = {ASSET_TAGS = (); }; };
		2056EB161BB06B770099FE31 /* AppDelegate.swift in Sources */ = {isa = PBXBuildFile; fileRef = 2056EB151BB06B770099FE31 /* AppDelegate.swift */; };
		2056EB181BB06B770099FE31 /* LoginViewController.swift in Sources */ = {isa = PBXBuildFile; fileRef = 2056EB171BB06B770099FE31 /* LoginViewController.swift */; };
		2056EB1B1BB06B770099FE31 /* Main.storyboard in Resources */ = {isa = PBXBuildFile; fileRef = 2056EB191BB06B770099FE31 /* Main.storyboard */; };
		2056EB1E1BB06B770099FE31 /* Smart_Alarm.xcdatamodeld in Sources */ = {isa = PBXBuildFile; fileRef = 2056EB1C1BB06B770099FE31 /* Smart_Alarm.xcdatamodeld */; };
		2056EB201BB06B770099FE31 /* Assets.xcassets in Resources */ = {isa = PBXBuildFile; fileRef = 2056EB1F1BB06B770099FE31 /* Assets.xcassets */; };
		2056EB231BB06B770099FE31 /* LaunchScreen.storyboard in Resources */ = {isa = PBXBuildFile; fileRef = 2056EB211BB06B770099FE31 /* LaunchScreen.storyboard */; };
		2056EB2E1BB06B770099FE31 /* Smart_AlarmTests.swift in Sources */ = {isa = PBXBuildFile; fileRef = 2056EB2D1BB06B770099FE31 /* Smart_AlarmTests.swift */; };
		2056EB391BB06B770099FE31 /* Smart_AlarmUITests.swift in Sources */ = {isa = PBXBuildFile; fileRef = 2056EB381BB06B770099FE31 /* Smart_AlarmUITests.swift */; };
		2056EB4B1BB0838B0099FE31 /* RegisterViewController.swift in Sources */ = {isa = PBXBuildFile; fileRef = 2056EB4A1BB0838B0099FE31 /* RegisterViewController.swift */; settings = {ASSET_TAGS = (); }; };
		2056EB4D1BB089560099FE31 /* RoutineViewController.swift in Sources */ = {isa = PBXBuildFile; fileRef = 2056EB4C1BB089560099FE31 /* RoutineViewController.swift */; settings = {ASSET_TAGS = (); }; };
		2056EB4F1BB09CFA0099FE31 /* HomeViewController.swift in Sources */ = {isa = PBXBuildFile; fileRef = 2056EB4E1BB09CFA0099FE31 /* HomeViewController.swift */; settings = {ASSET_TAGS = (); }; };
/* End PBXBuildFile section */

/* Begin PBXContainerItemProxy section */
		2056EB2A1BB06B770099FE31 /* PBXContainerItemProxy */ = {
			isa = PBXContainerItemProxy;
			containerPortal = 2056EB0A1BB06B770099FE31 /* Project object */;
			proxyType = 1;
			remoteGlobalIDString = 2056EB111BB06B770099FE31;
			remoteInfo = "Smart Alarm";
		};
		2056EB351BB06B770099FE31 /* PBXContainerItemProxy */ = {
			isa = PBXContainerItemProxy;
			containerPortal = 2056EB0A1BB06B770099FE31 /* Project object */;
			proxyType = 1;
			remoteGlobalIDString = 2056EB111BB06B770099FE31;
			remoteInfo = "Smart Alarm";
		};
/* End PBXContainerItemProxy section */

/* Begin PBXFileReference section */
		200741011BB0D1A8004ECB78 /* HTTP.swift */ = {isa = PBXFileReference; fileEncoding = 4; lastKnownFileType = sourcecode.swift; name = HTTP.swift; path = ../HTTP.swift; sourceTree = "<group>"; };
		2056EB121BB06B770099FE31 /* Smart Alarm.app */ = {isa = PBXFileReference; explicitFileType = wrapper.application; includeInIndex = 0; path = "Smart Alarm.app"; sourceTree = BUILT_PRODUCTS_DIR; };
		2056EB151BB06B770099FE31 /* AppDelegate.swift */ = {isa = PBXFileReference; lastKnownFileType = sourcecode.swift; path = AppDelegate.swift; sourceTree = "<group>"; };
		2056EB171BB06B770099FE31 /* LoginViewController.swift */ = {isa = PBXFileReference; lastKnownFileType = sourcecode.swift; path = LoginViewController.swift; sourceTree = "<group>"; };
		2056EB1A1BB06B770099FE31 /* Base */ = {isa = PBXFileReference; lastKnownFileType = file.storyboard; name = Base; path = Base.lproj/Main.storyboard; sourceTree = "<group>"; };
		2056EB1D1BB06B770099FE31 /* Smart_Alarm.xcdatamodel */ = {isa = PBXFileReference; lastKnownFileType = wrapper.xcdatamodel; path = Smart_Alarm.xcdatamodel; sourceTree = "<group>"; };
		2056EB1F1BB06B770099FE31 /* Assets.xcassets */ = {isa = PBXFileReference; lastKnownFileType = folder.assetcatalog; path = Assets.xcassets; sourceTree = "<group>"; };
		2056EB221BB06B770099FE31 /* Base */ = {isa = PBXFileReference; lastKnownFileType = file.storyboard; name = Base; path = Base.lproj/LaunchScreen.storyboard; sourceTree = "<group>"; };
		2056EB241BB06B770099FE31 /* Info.plist */ = {isa = PBXFileReference; lastKnownFileType = text.plist.xml; path = Info.plist; sourceTree = "<group>"; };
		2056EB291BB06B770099FE31 /* Smart AlarmTests.xctest */ = {isa = PBXFileReference; explicitFileType = wrapper.cfbundle; includeInIndex = 0; path = "Smart AlarmTests.xctest"; sourceTree = BUILT_PRODUCTS_DIR; };
		2056EB2D1BB06B770099FE31 /* Smart_AlarmTests.swift */ = {isa = PBXFileReference; lastKnownFileType = sourcecode.swift; path = Smart_AlarmTests.swift; sourceTree = "<group>"; };
		2056EB2F1BB06B770099FE31 /* Info.plist */ = {isa = PBXFileReference; lastKnownFileType = text.plist.xml; path = Info.plist; sourceTree = "<group>"; };
		2056EB341BB06B770099FE31 /* Smart AlarmUITests.xctest */ = {isa = PBXFileReference; explicitFileType = wrapper.cfbundle; includeInIndex = 0; path = "Smart AlarmUITests.xctest"; sourceTree = BUILT_PRODUCTS_DIR; };
		2056EB381BB06B770099FE31 /* Smart_AlarmUITests.swift */ = {isa = PBXFileReference; lastKnownFileType = sourcecode.swift; path = Smart_AlarmUITests.swift; sourceTree = "<group>"; };
		2056EB3A1BB06B770099FE31 /* Info.plist */ = {isa = PBXFileReference; lastKnownFileType = text.plist.xml; path = Info.plist; sourceTree = "<group>"; };
		2056EB4A1BB0838B0099FE31 /* RegisterViewController.swift */ = {isa = PBXFileReference; fileEncoding = 4; lastKnownFileType = sourcecode.swift; name = RegisterViewController.swift; path = ../RegisterViewController.swift; sourceTree = "<group>"; };
		2056EB4C1BB089560099FE31 /* RoutineViewController.swift */ = {isa = PBXFileReference; fileEncoding = 4; lastKnownFileType = sourcecode.swift; path = RoutineViewController.swift; sourceTree = "<group>"; };
		2056EB4E1BB09CFA0099FE31 /* HomeViewController.swift */ = {isa = PBXFileReference; fileEncoding = 4; lastKnownFileType = sourcecode.swift; path = HomeViewController.swift; sourceTree = "<group>"; };
/* End PBXFileReference section */

/* Begin PBXFrameworksBuildPhase section */
		2056EB0F1BB06B770099FE31 /* Frameworks */ = {
			isa = PBXFrameworksBuildPhase;
			buildActionMask = 2147483647;
			files = (
			);
			runOnlyForDeploymentPostprocessing = 0;
		};
		2056EB261BB06B770099FE31 /* Frameworks */ = {
			isa = PBXFrameworksBuildPhase;
			buildActionMask = 2147483647;
			files = (
			);
			runOnlyForDeploymentPostprocessing = 0;
		};
		2056EB311BB06B770099FE31 /* Frameworks */ = {
			isa = PBXFrameworksBuildPhase;
			buildActionMask = 2147483647;
			files = (
			);
			runOnlyForDeploymentPostprocessing = 0;
		};
/* End PBXFrameworksBuildPhase section */

/* Begin PBXGroup section */
		2056EB091BB06B770099FE31 = {
			isa = PBXGroup;
			children = (
				2056EB141BB06B770099FE31 /* Smart Alarm */,
				2056EB2C1BB06B770099FE31 /* Smart AlarmTests */,
				2056EB371BB06B770099FE31 /* Smart AlarmUITests */,
				2056EB131BB06B770099FE31 /* Products */,
			);
			sourceTree = "<group>";
		};
		2056EB131BB06B770099FE31 /* Products */ = {
			isa = PBXGroup;
			children = (
				2056EB121BB06B770099FE31 /* Smart Alarm.app */,
				2056EB291BB06B770099FE31 /* Smart AlarmTests.xctest */,
				2056EB341BB06B770099FE31 /* Smart AlarmUITests.xctest */,
			);
			name = Products;
			sourceTree = "<group>";
		};
		2056EB141BB06B770099FE31 /* Smart Alarm */ = {
			isa = PBXGroup;
			children = (
				200741011BB0D1A8004ECB78 /* HTTP.swift */,
				2056EB151BB06B770099FE31 /* AppDelegate.swift */,
				2056EB171BB06B770099FE31 /* LoginViewController.swift */,
				2056EB4A1BB0838B0099FE31 /* RegisterViewController.swift */,
				2056EB191BB06B770099FE31 /* Main.storyboard */,
				2056EB4E1BB09CFA0099FE31 /* HomeViewController.swift */,
				2056EB4C1BB089560099FE31 /* RoutineViewController.swift */,
				2056EB1F1BB06B770099FE31 /* Assets.xcassets */,
				2056EB211BB06B770099FE31 /* LaunchScreen.storyboard */,
				2056EB241BB06B770099FE31 /* Info.plist */,
				2056EB1C1BB06B770099FE31 /* Smart_Alarm.xcdatamodeld */,
			);
			path = "Smart Alarm";
			sourceTree = "<group>";
		};
		2056EB2C1BB06B770099FE31 /* Smart AlarmTests */ = {
			isa = PBXGroup;
			children = (
				2056EB2D1BB06B770099FE31 /* Smart_AlarmTests.swift */,
				2056EB2F1BB06B770099FE31 /* Info.plist */,
			);
			path = "Smart AlarmTests";
			sourceTree = "<group>";
		};
		2056EB371BB06B770099FE31 /* Smart AlarmUITests */ = {
			isa = PBXGroup;
			children = (
				2056EB381BB06B770099FE31 /* Smart_AlarmUITests.swift */,
				2056EB3A1BB06B770099FE31 /* Info.plist */,
			);
			path = "Smart AlarmUITests";
			sourceTree = "<group>";
		};
/* End PBXGroup section */

/* Begin PBXNativeTarget section */
		2056EB111BB06B770099FE31 /* Smart Alarm */ = {
			isa = PBXNativeTarget;
			buildConfigurationList = 2056EB3D1BB06B770099FE31 /* Build configuration list for PBXNativeTarget "Smart Alarm" */;
			buildPhases = (
				2056EB0E1BB06B770099FE31 /* Sources */,
				2056EB0F1BB06B770099FE31 /* Frameworks */,
				2056EB101BB06B770099FE31 /* Resources */,
			);
			buildRules = (
			);
			dependencies = (
			);
			name = "Smart Alarm";
			productName = "Smart Alarm";
			productReference = 2056EB121BB06B770099FE31 /* Smart Alarm.app */;
			productType = "com.apple.product-type.application";
		};
		2056EB281BB06B770099FE31 /* Smart AlarmTests */ = {
			isa = PBXNativeTarget;
			buildConfigurationList = 2056EB401BB06B770099FE31 /* Build configuration list for PBXNativeTarget "Smart AlarmTests" */;
			buildPhases = (
				2056EB251BB06B770099FE31 /* Sources */,
				2056EB261BB06B770099FE31 /* Frameworks */,
				2056EB271BB06B770099FE31 /* Resources */,
			);
			buildRules = (
			);
			dependencies = (
				2056EB2B1BB06B770099FE31 /* PBXTargetDependency */,
			);
			name = "Smart AlarmTests";
			productName = "Smart AlarmTests";
			productReference = 2056EB291BB06B770099FE31 /* Smart AlarmTests.xctest */;
			productType = "com.apple.product-type.bundle.unit-test";
		};
		2056EB331BB06B770099FE31 /* Smart AlarmUITests */ = {
			isa = PBXNativeTarget;
			buildConfigurationList = 2056EB431BB06B770099FE31 /* Build configuration list for PBXNativeTarget "Smart AlarmUITests" */;
			buildPhases = (
				2056EB301BB06B770099FE31 /* Sources */,
				2056EB311BB06B770099FE31 /* Frameworks */,
				2056EB321BB06B770099FE31 /* Resources */,
			);
			buildRules = (
			);
			dependencies = (
				2056EB361BB06B770099FE31 /* PBXTargetDependency */,
			);
			name = "Smart AlarmUITests";
			productName = "Smart AlarmUITests";
			productReference = 2056EB341BB06B770099FE31 /* Smart AlarmUITests.xctest */;
			productType = "com.apple.product-type.bundle.ui-testing";
		};
/* End PBXNativeTarget section */

/* Begin PBXProject section */
		2056EB0A1BB06B770099FE31 /* Project object */ = {
			isa = PBXProject;
			attributes = {
				LastUpgradeCheck = 0700;
				ORGANIZATIONNAME = "Gideon I. Glass";
				TargetAttributes = {
					2056EB111BB06B770099FE31 = {
						CreatedOnToolsVersion = 7.0;
						DevelopmentTeam = 4FRADE5ZJB;
					};
					2056EB281BB06B770099FE31 = {
						CreatedOnToolsVersion = 7.0;
						DevelopmentTeam = 4FRADE5ZJB;
						TestTargetID = 2056EB111BB06B770099FE31;
					};
					2056EB331BB06B770099FE31 = {
						CreatedOnToolsVersion = 7.0;
						DevelopmentTeam = 4FRADE5ZJB;
						TestTargetID = 2056EB111BB06B770099FE31;
					};
				};
			};
			buildConfigurationList = 2056EB0D1BB06B770099FE31 /* Build configuration list for PBXProject "Smart Alarm" */;
			compatibilityVersion = "Xcode 3.2";
			developmentRegion = English;
			hasScannedForEncodings = 0;
			knownRegions = (
				en,
				Base,
			);
			mainGroup = 2056EB091BB06B770099FE31;
			productRefGroup = 2056EB131BB06B770099FE31 /* Products */;
			projectDirPath = "";
			projectRoot = "";
			targets = (
				2056EB111BB06B770099FE31 /* Smart Alarm */,
				2056EB281BB06B770099FE31 /* Smart AlarmTests */,
				2056EB331BB06B770099FE31 /* Smart AlarmUITests */,
			);
		};
/* End PBXProject section */

/* Begin PBXResourcesBuildPhase section */
		2056EB101BB06B770099FE31 /* Resources */ = {
			isa = PBXResourcesBuildPhase;
			buildActionMask = 2147483647;
			files = (
				2056EB231BB06B770099FE31 /* LaunchScreen.storyboard in Resources */,
				2056EB201BB06B770099FE31 /* Assets.xcassets in Resources */,
				2056EB1B1BB06B770099FE31 /* Main.storyboard in Resources */,
			);
			runOnlyForDeploymentPostprocessing = 0;
		};
		2056EB271BB06B770099FE31 /* Resources */ = {
			isa = PBXResourcesBuildPhase;
			buildActionMask = 2147483647;
			files = (
			);
			runOnlyForDeploymentPostprocessing = 0;
		};
		2056EB321BB06B770099FE31 /* Resources */ = {
			isa = PBXResourcesBuildPhase;
			buildActionMask = 2147483647;
			files = (
			);
			runOnlyForDeploymentPostprocessing = 0;
		};
/* End PBXResourcesBuildPhase section */

/* Begin PBXSourcesBuildPhase section */
		2056EB0E1BB06B770099FE31 /* Sources */ = {
			isa = PBXSourcesBuildPhase;
			buildActionMask = 2147483647;
			files = (
				2056EB181BB06B770099FE31 /* LoginViewController.swift in Sources */,
				2056EB1E1BB06B770099FE31 /* Smart_Alarm.xcdatamodeld in Sources */,
				2056EB161BB06B770099FE31 /* AppDelegate.swift in Sources */,
				2056EB4B1BB0838B0099FE31 /* RegisterViewController.swift in Sources */,
				200741021BB0D1A8004ECB78 /* HTTP.swift in Sources */,
				2056EB4D1BB089560099FE31 /* RoutineViewController.swift in Sources */,
				2056EB4F1BB09CFA0099FE31 /* HomeViewController.swift in Sources */,
			);
			runOnlyForDeploymentPostprocessing = 0;
		};
		2056EB251BB06B770099FE31 /* Sources */ = {
			isa = PBXSourcesBuildPhase;
			buildActionMask = 2147483647;
			files = (
				2056EB2E1BB06B770099FE31 /* Smart_AlarmTests.swift in Sources */,
			);
			runOnlyForDeploymentPostprocessing = 0;
		};
		2056EB301BB06B770099FE31 /* Sources */ = {
			isa = PBXSourcesBuildPhase;
			buildActionMask = 2147483647;
			files = (
				2056EB391BB06B770099FE31 /* Smart_AlarmUITests.swift in Sources */,
			);
			runOnlyForDeploymentPostprocessing = 0;
		};
/* End PBXSourcesBuildPhase section */

/* Begin PBXTargetDependency section */
		2056EB2B1BB06B770099FE31 /* PBXTargetDependency */ = {
			isa = PBXTargetDependency;
			target = 2056EB111BB06B770099FE31 /* Smart Alarm */;
			targetProxy = 2056EB2A1BB06B770099FE31 /* PBXContainerItemProxy */;
		};
		2056EB361BB06B770099FE31 /* PBXTargetDependency */ = {
			isa = PBXTargetDependency;
			target = 2056EB111BB06B770099FE31 /* Smart Alarm */;
			targetProxy = 2056EB351BB06B770099FE31 /* PBXContainerItemProxy */;
		};
/* End PBXTargetDependency section */

/* Begin PBXVariantGroup section */
		2056EB191BB06B770099FE31 /* Main.storyboard */ = {
			isa = PBXVariantGroup;
			children = (
				2056EB1A1BB06B770099FE31 /* Base */,
			);
			name = Main.storyboard;
			sourceTree = "<group>";
		};
		2056EB211BB06B770099FE31 /* LaunchScreen.storyboard */ = {
			isa = PBXVariantGroup;
			children = (
				2056EB221BB06B770099FE31 /* Base */,
			);
			name = LaunchScreen.storyboard;
			sourceTree = "<group>";
		};
/* End PBXVariantGroup section */

/* Begin XCBuildConfiguration section */
		2056EB3B1BB06B770099FE31 /* Debug */ = {
			isa = XCBuildConfiguration;
			buildSettings = {
				ALWAYS_SEARCH_USER_PATHS = NO;
				CLANG_CXX_LANGUAGE_STANDARD = "gnu++0x";
				CLANG_CXX_LIBRARY = "libc++";
				CLANG_ENABLE_MODULES = YES;
				CLANG_ENABLE_OBJC_ARC = YES;
				CLANG_WARN_BOOL_CONVERSION = YES;
				CLANG_WARN_CONSTANT_CONVERSION = YES;
				CLANG_WARN_DIRECT_OBJC_ISA_USAGE = YES_ERROR;
				CLANG_WARN_EMPTY_BODY = YES;
				CLANG_WARN_ENUM_CONVERSION = YES;
				CLANG_WARN_INT_CONVERSION = YES;
				CLANG_WARN_OBJC_ROOT_CLASS = YES_ERROR;
				CLANG_WARN_UNREACHABLE_CODE = YES;
				CLANG_WARN__DUPLICATE_METHOD_MATCH = YES;
				"CODE_SIGN_IDENTITY[sdk=iphoneos*]" = "iPhone Developer";
				COPY_PHASE_STRIP = NO;
				DEBUG_INFORMATION_FORMAT = dwarf;
				ENABLE_STRICT_OBJC_MSGSEND = YES;
				ENABLE_TESTABILITY = YES;
				GCC_C_LANGUAGE_STANDARD = gnu99;
				GCC_DYNAMIC_NO_PIC = NO;
				GCC_NO_COMMON_BLOCKS = YES;
				GCC_OPTIMIZATION_LEVEL = 0;
				GCC_PREPROCESSOR_DEFINITIONS = (
					"DEBUG=1",
					"$(inherited)",
				);
				GCC_WARN_64_TO_32_BIT_CONVERSION = YES;
				GCC_WARN_ABOUT_RETURN_TYPE = YES_ERROR;
				GCC_WARN_UNDECLARED_SELECTOR = YES;
				GCC_WARN_UNINITIALIZED_AUTOS = YES_AGGRESSIVE;
				GCC_WARN_UNUSED_FUNCTION = YES;
				GCC_WARN_UNUSED_VARIABLE = YES;
				IPHONEOS_DEPLOYMENT_TARGET = 9.0;
				MTL_ENABLE_DEBUG_INFO = YES;
				ONLY_ACTIVE_ARCH = YES;
				SDKROOT = iphoneos;
				SWIFT_OPTIMIZATION_LEVEL = "-Onone";
			};
			name = Debug;
		};
		2056EB3C1BB06B770099FE31 /* Release */ = {
			isa = XCBuildConfiguration;
			buildSettings = {
				ALWAYS_SEARCH_USER_PATHS = NO;
				CLANG_CXX_LANGUAGE_STANDARD = "gnu++0x";
				CLANG_CXX_LIBRARY = "libc++";
				CLANG_ENABLE_MODULES = YES;
				CLANG_ENABLE_OBJC_ARC = YES;
				CLANG_WARN_BOOL_CONVERSION = YES;
				CLANG_WARN_CONSTANT_CONVERSION = YES;
				CLANG_WARN_DIRECT_OBJC_ISA_USAGE = YES_ERROR;
				CLANG_WARN_EMPTY_BODY = YES;
				CLANG_WARN_ENUM_CONVERSION = YES;
				CLANG_WARN_INT_CONVERSION = YES;
				CLANG_WARN_OBJC_ROOT_CLASS = YES_ERROR;
				CLANG_WARN_UNREACHABLE_CODE = YES;
				CLANG_WARN__DUPLICATE_METHOD_MATCH = YES;
				"CODE_SIGN_IDENTITY[sdk=iphoneos*]" = "iPhone Developer";
				COPY_PHASE_STRIP = NO;
				DEBUG_INFORMATION_FORMAT = "dwarf-with-dsym";
				ENABLE_NS_ASSERTIONS = NO;
				ENABLE_STRICT_OBJC_MSGSEND = YES;
				GCC_C_LANGUAGE_STANDARD = gnu99;
				GCC_NO_COMMON_BLOCKS = YES;
				GCC_WARN_64_TO_32_BIT_CONVERSION = YES;
				GCC_WARN_ABOUT_RETURN_TYPE = YES_ERROR;
				GCC_WARN_UNDECLARED_SELECTOR = YES;
				GCC_WARN_UNINITIALIZED_AUTOS = YES_AGGRESSIVE;
				GCC_WARN_UNUSED_FUNCTION = YES;
				GCC_WARN_UNUSED_VARIABLE = YES;
				IPHONEOS_DEPLOYMENT_TARGET = 9.0;
				MTL_ENABLE_DEBUG_INFO = NO;
				SDKROOT = iphoneos;
				VALIDATE_PRODUCT = YES;
			};
			name = Release;
		};
		2056EB3E1BB06B770099FE31 /* Debug */ = {
			isa = XCBuildConfiguration;
			buildSettings = {
				ASSETCATALOG_COMPILER_APPICON_NAME = AppIcon;
				INFOPLIST_FILE = "Smart Alarm/Info.plist";
				LD_RUNPATH_SEARCH_PATHS = "$(inherited) @executable_path/Frameworks";
				PRODUCT_BUNDLE_IDENTIFIER = "edu.cs5356.Smart-Alarm";
				PRODUCT_NAME = "$(TARGET_NAME)";
			};
			name = Debug;
		};
		2056EB3F1BB06B770099FE31 /* Release */ = {
			isa = XCBuildConfiguration;
			buildSettings = {
				ASSETCATALOG_COMPILER_APPICON_NAME = AppIcon;
				INFOPLIST_FILE = "Smart Alarm/Info.plist";
				LD_RUNPATH_SEARCH_PATHS = "$(inherited) @executable_path/Frameworks";
				PRODUCT_BUNDLE_IDENTIFIER = "edu.cs5356.Smart-Alarm";
				PRODUCT_NAME = "$(TARGET_NAME)";
			};
			name = Release;
		};
		2056EB411BB06B770099FE31 /* Debug */ = {
			isa = XCBuildConfiguration;
			buildSettings = {
				BUNDLE_LOADER = "$(TEST_HOST)";
				INFOPLIST_FILE = "Smart AlarmTests/Info.plist";
				LD_RUNPATH_SEARCH_PATHS = "$(inherited) @executable_path/Frameworks @loader_path/Frameworks";
				PRODUCT_BUNDLE_IDENTIFIER = "edu.cs5356.Smart-AlarmTests";
				PRODUCT_NAME = "$(TARGET_NAME)";
				TEST_HOST = "$(BUILT_PRODUCTS_DIR)/Smart Alarm.app/Smart Alarm";
			};
			name = Debug;
		};
		2056EB421BB06B770099FE31 /* Release */ = {
			isa = XCBuildConfiguration;
			buildSettings = {
				BUNDLE_LOADER = "$(TEST_HOST)";
				INFOPLIST_FILE = "Smart AlarmTests/Info.plist";
				LD_RUNPATH_SEARCH_PATHS = "$(inherited) @executable_path/Frameworks @loader_path/Frameworks";
				PRODUCT_BUNDLE_IDENTIFIER = "edu.cs5356.Smart-AlarmTests";
				PRODUCT_NAME = "$(TARGET_NAME)";
				TEST_HOST = "$(BUILT_PRODUCTS_DIR)/Smart Alarm.app/Smart Alarm";
			};
			name = Release;
		};
		2056EB441BB06B770099FE31 /* Debug */ = {
			isa = XCBuildConfiguration;
			buildSettings = {
				INFOPLIST_FILE = "Smart AlarmUITests/Info.plist";
				LD_RUNPATH_SEARCH_PATHS = "$(inherited) @executable_path/Frameworks @loader_path/Frameworks";
				PRODUCT_BUNDLE_IDENTIFIER = "edu.cs5356.Smart-AlarmUITests";
				PRODUCT_NAME = "$(TARGET_NAME)";
				TEST_TARGET_NAME = "Smart Alarm";
				USES_XCTRUNNER = YES;
			};
			name = Debug;
		};
		2056EB451BB06B770099FE31 /* Release */ = {
			isa = XCBuildConfiguration;
			buildSettings = {
				INFOPLIST_FILE = "Smart AlarmUITests/Info.plist";
				LD_RUNPATH_SEARCH_PATHS = "$(inherited) @executable_path/Frameworks @loader_path/Frameworks";
				PRODUCT_BUNDLE_IDENTIFIER = "edu.cs5356.Smart-AlarmUITests";
				PRODUCT_NAME = "$(TARGET_NAME)";
				TEST_TARGET_NAME = "Smart Alarm";
				USES_XCTRUNNER = YES;
			};
			name = Release;
		};
/* End XCBuildConfiguration section */

/* Begin XCConfigurationList section */
		2056EB0D1BB06B770099FE31 /* Build configuration list for PBXProject "Smart Alarm" */ = {
			isa = XCConfigurationList;
			buildConfigurations = (
				2056EB3B1BB06B770099FE31 /* Debug */,
				2056EB3C1BB06B770099FE31 /* Release */,
			);
			defaultConfigurationIsVisible = 0;
			defaultConfigurationName = Release;
		};
		2056EB3D1BB06B770099FE31 /* Build configuration list for PBXNativeTarget "Smart Alarm" */ = {
			isa = XCConfigurationList;
			buildConfigurations = (
				2056EB3E1BB06B770099FE31 /* Debug */,
				2056EB3F1BB06B770099FE31 /* Release */,
			);
			defaultConfigurationIsVisible = 0;
			defaultConfigurationName = Release;
		};
		2056EB401BB06B770099FE31 /* Build configuration list for PBXNativeTarget "Smart AlarmTests" */ = {
			isa = XCConfigurationList;
			buildConfigurations = (
				2056EB411BB06B770099FE31 /* Debug */,
				2056EB421BB06B770099FE31 /* Release */,
			);
			defaultConfigurationIsVisible = 0;
			defaultConfigurationName = Release;
		};
		2056EB431BB06B770099FE31 /* Build configuration list for PBXNativeTarget "Smart AlarmUITests" */ = {
			isa = XCConfigurationList;
			buildConfigurations = (
				2056EB441BB06B770099FE31 /* Debug */,
				2056EB451BB06B770099FE31 /* Release */,
			);
			defaultConfigurationIsVisible = 0;
			defaultConfigurationName = Release;
		};
/* End XCConfigurationList section */

/* Begin XCVersionGroup section */
		2056EB1C1BB06B770099FE31 /* Smart_Alarm.xcdatamodeld */ = {
			isa = XCVersionGroup;
			children = (
				2056EB1D1BB06B770099FE31 /* Smart_Alarm.xcdatamodel */,
			);
			currentVersion = 2056EB1D1BB06B770099FE31 /* Smart_Alarm.xcdatamodel */;
			path = Smart_Alarm.xcdatamodeld;
			sourceTree = "<group>";
			versionGroupType = wrapper.xcdatamodel;
		};
/* End XCVersionGroup section */
	};
	rootObject = 2056EB0A1BB06B770099FE31 /* Project object */;
}
