// !$*UTF8*$!
{
	archiveVersion = 1;
	classes = {
	};
	objectVersion = 46;
	objects = {

/* Begin PBXBuildFile section */
		200638C01BDEBADE00799CFC /* AlarmTableViewController.swift in Sources */ = {isa = PBXBuildFile; fileRef = 200638BF1BDEBADE00799CFC /* AlarmTableViewController.swift */; };
		200B12A71BC576280015B40F /* Fabric.framework in Frameworks */ = {isa = PBXBuildFile; fileRef = 200B12A51BC576280015B40F /* Fabric.framework */; };
		200B12A81BC576280015B40F /* Crashlytics.framework in Frameworks */ = {isa = PBXBuildFile; fileRef = 200B12A61BC576280015B40F /* Crashlytics.framework */; };
		202F0FCC1BD54B8C00799850 /* LocationViewController.swift in Sources */ = {isa = PBXBuildFile; fileRef = 202F0FCB1BD54B8C00799850 /* LocationViewController.swift */; };
		2034B68C1BDFD2D300CB6FCA /* Activity.swift in Sources */ = {isa = PBXBuildFile; fileRef = 2034B68B1BDFD2D300CB6FCA /* Activity.swift */; };
		2034B68E1BDFD3A700CB6FCA /* Routine.swift in Sources */ = {isa = PBXBuildFile; fileRef = 2034B68D1BDFD3A700CB6FCA /* Routine.swift */; };
		2037BDA71BD33CFA00F45644 /* RoutineTableViewController.swift in Sources */ = {isa = PBXBuildFile; fileRef = 2037BDA61BD33CFA00F45644 /* RoutineTableViewController.swift */; };
		204768EE1C17715C000244D6 /* Interface.storyboard in Resources */ = {isa = PBXBuildFile; fileRef = 204768EC1C17715C000244D6 /* Interface.storyboard */; };
		204768F01C17715C000244D6 /* Assets.xcassets in Resources */ = {isa = PBXBuildFile; fileRef = 204768EF1C17715C000244D6 /* Assets.xcassets */; };
		204768F71C17715C000244D6 /* smart-alarm-watch Extension.appex in Embed App Extensions */ = {isa = PBXBuildFile; fileRef = 204768F61C17715C000244D6 /* smart-alarm-watch Extension.appex */; settings = {ATTRIBUTES = (RemoveHeadersOnCopy, ); }; };
		204768FE1C17715C000244D6 /* InterfaceController.swift in Sources */ = {isa = PBXBuildFile; fileRef = 204768FD1C17715C000244D6 /* InterfaceController.swift */; };
		204769001C17715C000244D6 /* ExtensionDelegate.swift in Sources */ = {isa = PBXBuildFile; fileRef = 204768FF1C17715C000244D6 /* ExtensionDelegate.swift */; };
		204769021C17715C000244D6 /* NotificationController.swift in Sources */ = {isa = PBXBuildFile; fileRef = 204769011C17715C000244D6 /* NotificationController.swift */; };
		204769041C17715C000244D6 /* GlanceController.swift in Sources */ = {isa = PBXBuildFile; fileRef = 204769031C17715C000244D6 /* GlanceController.swift */; };
		204769061C17715C000244D6 /* Assets.xcassets in Resources */ = {isa = PBXBuildFile; fileRef = 204769051C17715C000244D6 /* Assets.xcassets */; };
		2047690A1C17715C000244D6 /* smart-alarm-watch.app in Embed Watch Content */ = {isa = PBXBuildFile; fileRef = 204768EA1C17715C000244D6 /* smart-alarm-watch.app */; };
		204769171C17797A000244D6 /* WKAlarmRowController.swift in Sources */ = {isa = PBXBuildFile; fileRef = 204769161C17797A000244D6 /* WKAlarmRowController.swift */; };
		204769181C17797A000244D6 /* WKAlarmRowController.swift in Sources */ = {isa = PBXBuildFile; fileRef = 204769161C17797A000244D6 /* WKAlarmRowController.swift */; };
		2047691F1C1785E4000244D6 /* Alarm.swift in Sources */ = {isa = PBXBuildFile; fileRef = 2092ED131BDEC97700D8F112 /* Alarm.swift */; };
		204769201C1788D3000244D6 /* Activity.swift in Sources */ = {isa = PBXBuildFile; fileRef = 2034B68B1BDFD2D300CB6FCA /* Activity.swift */; };
		204769211C1788D3000244D6 /* Routine.swift in Sources */ = {isa = PBXBuildFile; fileRef = 2034B68D1BDFD3A700CB6FCA /* Routine.swift */; };
		204769221C1788D3000244D6 /* Destination.swift in Sources */ = {isa = PBXBuildFile; fileRef = 205192091BFD233300457CEB /* Destination.swift */; };
		2051920A1BFD233300457CEB /* Destination.swift in Sources */ = {isa = PBXBuildFile; fileRef = 205192091BFD233300457CEB /* Destination.swift */; };
		205A2B521C173A8F00AC6F27 /* loud_alarm.caf in Resources */ = {isa = PBXBuildFile; fileRef = 205A2B511C173A8F00AC6F27 /* loud_alarm.caf */; };
		208D95B31BD3F0C60099611F /* ActivityTableViewController.swift in Sources */ = {isa = PBXBuildFile; fileRef = 208D95B21BD3F0C60099611F /* ActivityTableViewController.swift */; };
		2092ED141BDEC97700D8F112 /* Alarm.swift in Sources */ = {isa = PBXBuildFile; fileRef = 2092ED131BDEC97700D8F112 /* Alarm.swift */; };
		2092ED161BDEC99E00D8F112 /* AlarmTableViewCell.swift in Sources */ = {isa = PBXBuildFile; fileRef = 2092ED151BDEC99E00D8F112 /* AlarmTableViewCell.swift */; };
		2093B6671BBC740200EC5C7C /* AppDelegate.swift in Sources */ = {isa = PBXBuildFile; fileRef = 2093B6661BBC740200EC5C7C /* AppDelegate.swift */; };
		2093B66C1BBC740200EC5C7C /* Main.storyboard in Resources */ = {isa = PBXBuildFile; fileRef = 2093B66A1BBC740200EC5C7C /* Main.storyboard */; };
		2093B66F1BBC740200EC5C7C /* smart_alarm.xcdatamodeld in Sources */ = {isa = PBXBuildFile; fileRef = 2093B66D1BBC740200EC5C7C /* smart_alarm.xcdatamodeld */; };
		2093B6711BBC740200EC5C7C /* Assets.xcassets in Resources */ = {isa = PBXBuildFile; fileRef = 2093B6701BBC740200EC5C7C /* Assets.xcassets */; };
		2093B6741BBC740200EC5C7C /* LaunchScreen.storyboard in Resources */ = {isa = PBXBuildFile; fileRef = 2093B6721BBC740200EC5C7C /* LaunchScreen.storyboard */; };
		2093B67F1BBC740200EC5C7C /* smart_alarmTests.swift in Sources */ = {isa = PBXBuildFile; fileRef = 2093B67E1BBC740200EC5C7C /* smart_alarmTests.swift */; };
		2093B68A1BBC740200EC5C7C /* smart_alarmUITests.swift in Sources */ = {isa = PBXBuildFile; fileRef = 2093B6891BBC740200EC5C7C /* smart_alarmUITests.swift */; };
		2093B6981BBC746C00EC5C7C /* HTTP.swift in Sources */ = {isa = PBXBuildFile; fileRef = 2093B6971BBC746C00EC5C7C /* HTTP.swift */; };
		2093B6991BBC746C00EC5C7C /* HTTP.swift in Sources */ = {isa = PBXBuildFile; fileRef = 2093B6971BBC746C00EC5C7C /* HTTP.swift */; };
		2093B69A1BBC746C00EC5C7C /* HTTP.swift in Sources */ = {isa = PBXBuildFile; fileRef = 2093B6971BBC746C00EC5C7C /* HTTP.swift */; };
		209443DD1BFB7274000E46B0 /* AlarmList.swift in Sources */ = {isa = PBXBuildFile; fileRef = 209443DC1BFB7274000E46B0 /* AlarmList.swift */; };
		20A092B61BD0234200745784 /* DetailTableViewController.swift in Sources */ = {isa = PBXBuildFile; fileRef = 20A092B51BD0234200745784 /* DetailTableViewController.swift */; };
		20A5CA491C15FE140074DAD2 /* Lato-Black.ttf in Resources */ = {isa = PBXBuildFile; fileRef = 20A5CA441C15FE140074DAD2 /* Lato-Black.ttf */; };
		20A5CA4A1C15FE140074DAD2 /* Lato-Bold.ttf in Resources */ = {isa = PBXBuildFile; fileRef = 20A5CA451C15FE140074DAD2 /* Lato-Bold.ttf */; };
		20A5CA4B1C15FE140074DAD2 /* Lato-Hairline.ttf in Resources */ = {isa = PBXBuildFile; fileRef = 20A5CA461C15FE140074DAD2 /* Lato-Hairline.ttf */; };
		20A5CA4C1C15FE140074DAD2 /* Lato-Light.ttf in Resources */ = {isa = PBXBuildFile; fileRef = 20A5CA471C15FE140074DAD2 /* Lato-Light.ttf */; };
		20A5CA4D1C15FE140074DAD2 /* Lato-Regular.ttf in Resources */ = {isa = PBXBuildFile; fileRef = 20A5CA481C15FE140074DAD2 /* Lato-Regular.ttf */; };
		64228B951BEAF76B00263DBF /* AlarmTests.swift in Sources */ = {isa = PBXBuildFile; fileRef = 64228B941BEAF76B00263DBF /* AlarmTests.swift */; };
/* End PBXBuildFile section */

/* Begin PBXContainerItemProxy section */
		204768F81C17715C000244D6 /* PBXContainerItemProxy */ = {
			isa = PBXContainerItemProxy;
			containerPortal = 2093B65B1BBC740200EC5C7C /* Project object */;
			proxyType = 1;
			remoteGlobalIDString = 204768F51C17715C000244D6;
			remoteInfo = "smart-alarm-watch Extension";
		};
		204769081C17715C000244D6 /* PBXContainerItemProxy */ = {
			isa = PBXContainerItemProxy;
			containerPortal = 2093B65B1BBC740200EC5C7C /* Project object */;
			proxyType = 1;
			remoteGlobalIDString = 204768E91C17715C000244D6;
			remoteInfo = "smart-alarm-watch";
		};
		2093B67B1BBC740200EC5C7C /* PBXContainerItemProxy */ = {
			isa = PBXContainerItemProxy;
			containerPortal = 2093B65B1BBC740200EC5C7C /* Project object */;
			proxyType = 1;
			remoteGlobalIDString = 2093B6621BBC740200EC5C7C;
			remoteInfo = "smart-alarm";
		};
		2093B6861BBC740200EC5C7C /* PBXContainerItemProxy */ = {
			isa = PBXContainerItemProxy;
			containerPortal = 2093B65B1BBC740200EC5C7C /* Project object */;
			proxyType = 1;
			remoteGlobalIDString = 2093B6621BBC740200EC5C7C;
			remoteInfo = "smart-alarm";
		};
/* End PBXContainerItemProxy section */

/* Begin PBXCopyFilesBuildPhase section */
		204769101C17715C000244D6 /* Embed App Extensions */ = {
			isa = PBXCopyFilesBuildPhase;
			buildActionMask = 2147483647;
			dstPath = "";
			dstSubfolderSpec = 13;
			files = (
				204768F71C17715C000244D6 /* smart-alarm-watch Extension.appex in Embed App Extensions */,
			);
			name = "Embed App Extensions";
			runOnlyForDeploymentPostprocessing = 0;
		};
		204769121C17715C000244D6 /* Embed Watch Content */ = {
			isa = PBXCopyFilesBuildPhase;
			buildActionMask = 2147483647;
			dstPath = "$(CONTENTS_FOLDER_PATH)/Watch";
			dstSubfolderSpec = 16;
			files = (
				2047690A1C17715C000244D6 /* smart-alarm-watch.app in Embed Watch Content */,
			);
			name = "Embed Watch Content";
			runOnlyForDeploymentPostprocessing = 0;
		};
/* End PBXCopyFilesBuildPhase section */

/* Begin PBXFileReference section */
		200638BF1BDEBADE00799CFC /* AlarmTableViewController.swift */ = {isa = PBXFileReference; fileEncoding = 4; lastKnownFileType = sourcecode.swift; path = AlarmTableViewController.swift; sourceTree = "<group>"; };
		200B12A51BC576280015B40F /* Fabric.framework */ = {isa = PBXFileReference; lastKnownFileType = wrapper.framework; path = Fabric.framework; sourceTree = "<group>"; };
		200B12A61BC576280015B40F /* Crashlytics.framework */ = {isa = PBXFileReference; lastKnownFileType = wrapper.framework; path = Crashlytics.framework; sourceTree = "<group>"; };
		202F0FCB1BD54B8C00799850 /* LocationViewController.swift */ = {isa = PBXFileReference; fileEncoding = 4; lastKnownFileType = sourcecode.swift; name = LocationViewController.swift; path = ../LocationViewController.swift; sourceTree = "<group>"; };
		2034B68B1BDFD2D300CB6FCA /* Activity.swift */ = {isa = PBXFileReference; fileEncoding = 4; lastKnownFileType = sourcecode.swift; path = Activity.swift; sourceTree = "<group>"; };
		2034B68D1BDFD3A700CB6FCA /* Routine.swift */ = {isa = PBXFileReference; fileEncoding = 4; lastKnownFileType = sourcecode.swift; path = Routine.swift; sourceTree = "<group>"; };
		2037BDA61BD33CFA00F45644 /* RoutineTableViewController.swift */ = {isa = PBXFileReference; fileEncoding = 4; lastKnownFileType = sourcecode.swift; path = RoutineTableViewController.swift; sourceTree = "<group>"; };
		204768EA1C17715C000244D6 /* smart-alarm-watch.app */ = {isa = PBXFileReference; explicitFileType = wrapper.application; includeInIndex = 0; path = "smart-alarm-watch.app"; sourceTree = BUILT_PRODUCTS_DIR; };
		204768ED1C17715C000244D6 /* Base */ = {isa = PBXFileReference; lastKnownFileType = file.storyboard; name = Base; path = Base.lproj/Interface.storyboard; sourceTree = "<group>"; };
		204768EF1C17715C000244D6 /* Assets.xcassets */ = {isa = PBXFileReference; lastKnownFileType = folder.assetcatalog; path = Assets.xcassets; sourceTree = "<group>"; };
		204768F11C17715C000244D6 /* Info.plist */ = {isa = PBXFileReference; lastKnownFileType = text.plist.xml; path = Info.plist; sourceTree = "<group>"; };
		204768F61C17715C000244D6 /* smart-alarm-watch Extension.appex */ = {isa = PBXFileReference; explicitFileType = "wrapper.app-extension"; includeInIndex = 0; path = "smart-alarm-watch Extension.appex"; sourceTree = BUILT_PRODUCTS_DIR; };
		204768FC1C17715C000244D6 /* PushNotificationPayload.apns */ = {isa = PBXFileReference; lastKnownFileType = text; path = PushNotificationPayload.apns; sourceTree = "<group>"; };
		204768FD1C17715C000244D6 /* InterfaceController.swift */ = {isa = PBXFileReference; lastKnownFileType = sourcecode.swift; path = InterfaceController.swift; sourceTree = "<group>"; };
		204768FF1C17715C000244D6 /* ExtensionDelegate.swift */ = {isa = PBXFileReference; lastKnownFileType = sourcecode.swift; path = ExtensionDelegate.swift; sourceTree = "<group>"; };
		204769011C17715C000244D6 /* NotificationController.swift */ = {isa = PBXFileReference; lastKnownFileType = sourcecode.swift; path = NotificationController.swift; sourceTree = "<group>"; };
		204769031C17715C000244D6 /* GlanceController.swift */ = {isa = PBXFileReference; lastKnownFileType = sourcecode.swift; path = GlanceController.swift; sourceTree = "<group>"; };
		204769051C17715C000244D6 /* Assets.xcassets */ = {isa = PBXFileReference; lastKnownFileType = folder.assetcatalog; path = Assets.xcassets; sourceTree = "<group>"; };
		204769071C17715C000244D6 /* Info.plist */ = {isa = PBXFileReference; lastKnownFileType = text.plist.xml; path = Info.plist; sourceTree = "<group>"; };
		204769161C17797A000244D6 /* WKAlarmRowController.swift */ = {isa = PBXFileReference; fileEncoding = 4; lastKnownFileType = sourcecode.swift; name = WKAlarmRowController.swift; path = "../smart-alarm-watch/WKAlarmRowController.swift"; sourceTree = "<group>"; };
		205192091BFD233300457CEB /* Destination.swift */ = {isa = PBXFileReference; fileEncoding = 4; lastKnownFileType = sourcecode.swift; path = Destination.swift; sourceTree = "<group>"; };
		205A2B511C173A8F00AC6F27 /* loud_alarm.caf */ = {isa = PBXFileReference; lastKnownFileType = file; path = loud_alarm.caf; sourceTree = "<group>"; };
		208D95B21BD3F0C60099611F /* ActivityTableViewController.swift */ = {isa = PBXFileReference; fileEncoding = 4; lastKnownFileType = sourcecode.swift; path = ActivityTableViewController.swift; sourceTree = "<group>"; };
		2092ED131BDEC97700D8F112 /* Alarm.swift */ = {isa = PBXFileReference; fileEncoding = 4; lastKnownFileType = sourcecode.swift; name = Alarm.swift; path = ../Alarm.swift; sourceTree = "<group>"; };
		2092ED151BDEC99E00D8F112 /* AlarmTableViewCell.swift */ = {isa = PBXFileReference; fileEncoding = 4; lastKnownFileType = sourcecode.swift; name = AlarmTableViewCell.swift; path = ../AlarmTableViewCell.swift; sourceTree = "<group>"; };
		2093B6631BBC740200EC5C7C /* smart-alarm.app */ = {isa = PBXFileReference; explicitFileType = wrapper.application; includeInIndex = 0; path = "smart-alarm.app"; sourceTree = BUILT_PRODUCTS_DIR; };
		2093B6661BBC740200EC5C7C /* AppDelegate.swift */ = {isa = PBXFileReference; lastKnownFileType = sourcecode.swift; path = AppDelegate.swift; sourceTree = "<group>"; };
		2093B66B1BBC740200EC5C7C /* Base */ = {isa = PBXFileReference; lastKnownFileType = file.storyboard; name = Base; path = Base.lproj/Main.storyboard; sourceTree = "<group>"; };
		2093B66E1BBC740200EC5C7C /* smart_alarm.xcdatamodel */ = {isa = PBXFileReference; lastKnownFileType = wrapper.xcdatamodel; path = smart_alarm.xcdatamodel; sourceTree = "<group>"; };
		2093B6701BBC740200EC5C7C /* Assets.xcassets */ = {isa = PBXFileReference; lastKnownFileType = folder.assetcatalog; path = Assets.xcassets; sourceTree = "<group>"; };
		2093B6731BBC740200EC5C7C /* Base */ = {isa = PBXFileReference; lastKnownFileType = file.storyboard; name = Base; path = Base.lproj/LaunchScreen.storyboard; sourceTree = "<group>"; };
		2093B6751BBC740200EC5C7C /* Info.plist */ = {isa = PBXFileReference; lastKnownFileType = text.plist.xml; path = Info.plist; sourceTree = "<group>"; };
		2093B67A1BBC740200EC5C7C /* smart-alarmTests.xctest */ = {isa = PBXFileReference; explicitFileType = wrapper.cfbundle; includeInIndex = 0; path = "smart-alarmTests.xctest"; sourceTree = BUILT_PRODUCTS_DIR; };
		2093B67E1BBC740200EC5C7C /* smart_alarmTests.swift */ = {isa = PBXFileReference; lastKnownFileType = sourcecode.swift; path = smart_alarmTests.swift; sourceTree = "<group>"; };
		2093B6801BBC740200EC5C7C /* Info.plist */ = {isa = PBXFileReference; lastKnownFileType = text.plist.xml; path = Info.plist; sourceTree = "<group>"; };
		2093B6851BBC740200EC5C7C /* smart-alarmUITests.xctest */ = {isa = PBXFileReference; explicitFileType = wrapper.cfbundle; includeInIndex = 0; path = "smart-alarmUITests.xctest"; sourceTree = BUILT_PRODUCTS_DIR; };
		2093B6891BBC740200EC5C7C /* smart_alarmUITests.swift */ = {isa = PBXFileReference; lastKnownFileType = sourcecode.swift; path = smart_alarmUITests.swift; sourceTree = "<group>"; };
		2093B68B1BBC740200EC5C7C /* Info.plist */ = {isa = PBXFileReference; lastKnownFileType = text.plist.xml; path = Info.plist; sourceTree = "<group>"; };
		2093B6971BBC746C00EC5C7C /* HTTP.swift */ = {isa = PBXFileReference; fileEncoding = 4; lastKnownFileType = sourcecode.swift; path = HTTP.swift; sourceTree = "<group>"; };
		209443DC1BFB7274000E46B0 /* AlarmList.swift */ = {isa = PBXFileReference; fileEncoding = 4; lastKnownFileType = sourcecode.swift; path = AlarmList.swift; sourceTree = "<group>"; };
		20A092B51BD0234200745784 /* DetailTableViewController.swift */ = {isa = PBXFileReference; fileEncoding = 4; lastKnownFileType = sourcecode.swift; path = DetailTableViewController.swift; sourceTree = "<group>"; };
		20A5CA441C15FE140074DAD2 /* Lato-Black.ttf */ = {isa = PBXFileReference; lastKnownFileType = file; path = "Lato-Black.ttf"; sourceTree = "<group>"; };
		20A5CA451C15FE140074DAD2 /* Lato-Bold.ttf */ = {isa = PBXFileReference; lastKnownFileType = file; path = "Lato-Bold.ttf"; sourceTree = "<group>"; };
		20A5CA461C15FE140074DAD2 /* Lato-Hairline.ttf */ = {isa = PBXFileReference; lastKnownFileType = file; path = "Lato-Hairline.ttf"; sourceTree = "<group>"; };
		20A5CA471C15FE140074DAD2 /* Lato-Light.ttf */ = {isa = PBXFileReference; lastKnownFileType = file; path = "Lato-Light.ttf"; sourceTree = "<group>"; };
		20A5CA481C15FE140074DAD2 /* Lato-Regular.ttf */ = {isa = PBXFileReference; lastKnownFileType = file; path = "Lato-Regular.ttf"; sourceTree = "<group>"; };
		64228B941BEAF76B00263DBF /* AlarmTests.swift */ = {isa = PBXFileReference; fileEncoding = 4; lastKnownFileType = sourcecode.swift; path = AlarmTests.swift; sourceTree = "<group>"; };
/* End PBXFileReference section */

/* Begin PBXFrameworksBuildPhase section */
		204768F31C17715C000244D6 /* Frameworks */ = {
			isa = PBXFrameworksBuildPhase;
			buildActionMask = 2147483647;
			files = (
			);
			runOnlyForDeploymentPostprocessing = 0;
		};
		2093B6601BBC740200EC5C7C /* Frameworks */ = {
			isa = PBXFrameworksBuildPhase;
			buildActionMask = 2147483647;
			files = (
				200B12A81BC576280015B40F /* Crashlytics.framework in Frameworks */,
				200B12A71BC576280015B40F /* Fabric.framework in Frameworks */,
			);
			runOnlyForDeploymentPostprocessing = 0;
		};
		2093B6771BBC740200EC5C7C /* Frameworks */ = {
			isa = PBXFrameworksBuildPhase;
			buildActionMask = 2147483647;
			files = (
			);
			runOnlyForDeploymentPostprocessing = 0;
		};
		2093B6821BBC740200EC5C7C /* Frameworks */ = {
			isa = PBXFrameworksBuildPhase;
			buildActionMask = 2147483647;
			files = (
			);
			runOnlyForDeploymentPostprocessing = 0;
		};
/* End PBXFrameworksBuildPhase section */

/* Begin PBXGroup section */
		204768EB1C17715C000244D6 /* smart-alarm-watch */ = {
			isa = PBXGroup;
			children = (
				204768EC1C17715C000244D6 /* Interface.storyboard */,
				204768EF1C17715C000244D6 /* Assets.xcassets */,
				204768F11C17715C000244D6 /* Info.plist */,
			);
			path = "smart-alarm-watch";
			sourceTree = "<group>";
		};
		204768FA1C17715C000244D6 /* smart-alarm-watch Extension */ = {
			isa = PBXGroup;
			children = (
				204768FD1C17715C000244D6 /* InterfaceController.swift */,
				204769161C17797A000244D6 /* WKAlarmRowController.swift */,
				204768FF1C17715C000244D6 /* ExtensionDelegate.swift */,
				204769011C17715C000244D6 /* NotificationController.swift */,
				204769031C17715C000244D6 /* GlanceController.swift */,
				204769051C17715C000244D6 /* Assets.xcassets */,
				204769071C17715C000244D6 /* Info.plist */,
				204768FB1C17715C000244D6 /* Supporting Files */,
			);
			path = "smart-alarm-watch Extension";
			sourceTree = "<group>";
		};
		204768FB1C17715C000244D6 /* Supporting Files */ = {
			isa = PBXGroup;
			children = (
				204768FC1C17715C000244D6 /* PushNotificationPayload.apns */,
			);
			name = "Supporting Files";
			sourceTree = "<group>";
		};
		205014451BFAD40800ABB9A1 /* alarm-controllers */ = {
			isa = PBXGroup;
			children = (
				2092ED151BDEC99E00D8F112 /* AlarmTableViewCell.swift */,
				200638BF1BDEBADE00799CFC /* AlarmTableViewController.swift */,
				20A092B51BD0234200745784 /* DetailTableViewController.swift */,
				202F0FCB1BD54B8C00799850 /* LocationViewController.swift */,
				2037BDA61BD33CFA00F45644 /* RoutineTableViewController.swift */,
				208D95B21BD3F0C60099611F /* ActivityTableViewController.swift */,
			);
			name = "alarm-controllers";
			sourceTree = "<group>";
		};
		2092ED181BDEE10500D8F112 /* helper-classes */ = {
			isa = PBXGroup;
			children = (
				2034B68B1BDFD2D300CB6FCA /* Activity.swift */,
				2034B68D1BDFD3A700CB6FCA /* Routine.swift */,
				2092ED131BDEC97700D8F112 /* Alarm.swift */,
				205192091BFD233300457CEB /* Destination.swift */,
				209443DC1BFB7274000E46B0 /* AlarmList.swift */,
				2093B6971BBC746C00EC5C7C /* HTTP.swift */,
			);
			name = "helper-classes";
			sourceTree = "<group>";
		};
		2093B65A1BBC740200EC5C7C = {
			isa = PBXGroup;
			children = (
				2093B6651BBC740200EC5C7C /* smart-alarm */,
				2093B67D1BBC740200EC5C7C /* smart-alarmTests */,
				2093B6881BBC740200EC5C7C /* smart-alarmUITests */,
				204768EB1C17715C000244D6 /* smart-alarm-watch */,
				204768FA1C17715C000244D6 /* smart-alarm-watch Extension */,
				2093B6641BBC740200EC5C7C /* Products */,
				200B12A51BC576280015B40F /* Fabric.framework */,
				200B12A61BC576280015B40F /* Crashlytics.framework */,
			);
			sourceTree = "<group>";
		};
		2093B6641BBC740200EC5C7C /* Products */ = {
			isa = PBXGroup;
			children = (
				2093B6631BBC740200EC5C7C /* smart-alarm.app */,
				2093B67A1BBC740200EC5C7C /* smart-alarmTests.xctest */,
				2093B6851BBC740200EC5C7C /* smart-alarmUITests.xctest */,
				204768EA1C17715C000244D6 /* smart-alarm-watch.app */,
				204768F61C17715C000244D6 /* smart-alarm-watch Extension.appex */,
			);
			name = Products;
			sourceTree = "<group>";
		};
		2093B6651BBC740200EC5C7C /* smart-alarm */ = {
			isa = PBXGroup;
			children = (
				20EA727E1C15E01F00F0C5A4 /* resources */,
				2092ED181BDEE10500D8F112 /* helper-classes */,
				205014451BFAD40800ABB9A1 /* alarm-controllers */,
				2093B66A1BBC740200EC5C7C /* Main.storyboard */,
				2093B6701BBC740200EC5C7C /* Assets.xcassets */,
				2093B6661BBC740200EC5C7C /* AppDelegate.swift */,
				2093B6721BBC740200EC5C7C /* LaunchScreen.storyboard */,
				2093B6751BBC740200EC5C7C /* Info.plist */,
				2093B66D1BBC740200EC5C7C /* smart_alarm.xcdatamodeld */,
			);
			path = "smart-alarm";
			sourceTree = "<group>";
		};
		2093B67D1BBC740200EC5C7C /* smart-alarmTests */ = {
			isa = PBXGroup;
			children = (
				2093B67E1BBC740200EC5C7C /* smart_alarmTests.swift */,
				2093B6801BBC740200EC5C7C /* Info.plist */,
				64228B941BEAF76B00263DBF /* AlarmTests.swift */,
			);
			path = "smart-alarmTests";
			sourceTree = "<group>";
		};
		2093B6881BBC740200EC5C7C /* smart-alarmUITests */ = {
			isa = PBXGroup;
			children = (
				2093B6891BBC740200EC5C7C /* smart_alarmUITests.swift */,
				2093B68B1BBC740200EC5C7C /* Info.plist */,
			);
			path = "smart-alarmUITests";
			sourceTree = "<group>";
		};
		20EA727E1C15E01F00F0C5A4 /* resources */ = {
			isa = PBXGroup;
			children = (
				205A2B511C173A8F00AC6F27 /* loud_alarm.caf */,
				20A5CA441C15FE140074DAD2 /* Lato-Black.ttf */,
				20A5CA451C15FE140074DAD2 /* Lato-Bold.ttf */,
				20A5CA461C15FE140074DAD2 /* Lato-Hairline.ttf */,
				20A5CA471C15FE140074DAD2 /* Lato-Light.ttf */,
				20A5CA481C15FE140074DAD2 /* Lato-Regular.ttf */,
			);
			name = resources;
			sourceTree = "<group>";
		};
/* End PBXGroup section */

/* Begin PBXNativeTarget section */
		204768E91C17715C000244D6 /* smart-alarm-watch */ = {
			isa = PBXNativeTarget;
			buildConfigurationList = 204769111C17715C000244D6 /* Build configuration list for PBXNativeTarget "smart-alarm-watch" */;
			buildPhases = (
				204768E81C17715C000244D6 /* Resources */,
				204769101C17715C000244D6 /* Embed App Extensions */,
			);
			buildRules = (
			);
			dependencies = (
				204768F91C17715C000244D6 /* PBXTargetDependency */,
			);
			name = "smart-alarm-watch";
			productName = "smart-alarm-watch";
			productReference = 204768EA1C17715C000244D6 /* smart-alarm-watch.app */;
			productType = "com.apple.product-type.application.watchapp2";
		};
		204768F51C17715C000244D6 /* smart-alarm-watch Extension */ = {
			isa = PBXNativeTarget;
			buildConfigurationList = 2047690F1C17715C000244D6 /* Build configuration list for PBXNativeTarget "smart-alarm-watch Extension" */;
			buildPhases = (
				204768F21C17715C000244D6 /* Sources */,
				204768F31C17715C000244D6 /* Frameworks */,
				204768F41C17715C000244D6 /* Resources */,
			);
			buildRules = (
			);
			dependencies = (
			);
			name = "smart-alarm-watch Extension";
			productName = "smart-alarm-watch Extension";
			productReference = 204768F61C17715C000244D6 /* smart-alarm-watch Extension.appex */;
			productType = "com.apple.product-type.watchkit2-extension";
		};
		2093B6621BBC740200EC5C7C /* smart-alarm */ = {
			isa = PBXNativeTarget;
			buildConfigurationList = 2093B68E1BBC740200EC5C7C /* Build configuration list for PBXNativeTarget "smart-alarm" */;
			buildPhases = (
				2093B65F1BBC740200EC5C7C /* Sources */,
				2093B6601BBC740200EC5C7C /* Frameworks */,
				2093B6611BBC740200EC5C7C /* Resources */,
				203272211BC573A800E1D35F /* ShellScript */,
				204769121C17715C000244D6 /* Embed Watch Content */,
			);
			buildRules = (
			);
			dependencies = (
				204769091C17715C000244D6 /* PBXTargetDependency */,
			);
			name = "smart-alarm";
			productName = "smart-alarm";
			productReference = 2093B6631BBC740200EC5C7C /* smart-alarm.app */;
			productType = "com.apple.product-type.application";
		};
		2093B6791BBC740200EC5C7C /* smart-alarmTests */ = {
			isa = PBXNativeTarget;
			buildConfigurationList = 2093B6911BBC740200EC5C7C /* Build configuration list for PBXNativeTarget "smart-alarmTests" */;
			buildPhases = (
				2093B6761BBC740200EC5C7C /* Sources */,
				2093B6771BBC740200EC5C7C /* Frameworks */,
				2093B6781BBC740200EC5C7C /* Resources */,
			);
			buildRules = (
			);
			dependencies = (
				2093B67C1BBC740200EC5C7C /* PBXTargetDependency */,
			);
			name = "smart-alarmTests";
			productName = "smart-alarmTests";
			productReference = 2093B67A1BBC740200EC5C7C /* smart-alarmTests.xctest */;
			productType = "com.apple.product-type.bundle.unit-test";
		};
		2093B6841BBC740200EC5C7C /* smart-alarmUITests */ = {
			isa = PBXNativeTarget;
			buildConfigurationList = 2093B6941BBC740200EC5C7C /* Build configuration list for PBXNativeTarget "smart-alarmUITests" */;
			buildPhases = (
				2093B6811BBC740200EC5C7C /* Sources */,
				2093B6821BBC740200EC5C7C /* Frameworks */,
				2093B6831BBC740200EC5C7C /* Resources */,
			);
			buildRules = (
			);
			dependencies = (
				2093B6871BBC740200EC5C7C /* PBXTargetDependency */,
			);
			name = "smart-alarmUITests";
			productName = "smart-alarmUITests";
			productReference = 2093B6851BBC740200EC5C7C /* smart-alarmUITests.xctest */;
			productType = "com.apple.product-type.bundle.ui-testing";
		};
/* End PBXNativeTarget section */

/* Begin PBXProject section */
		2093B65B1BBC740200EC5C7C /* Project object */ = {
			isa = PBXProject;
			attributes = {
				LastSwiftUpdateCheck = 0710;
				LastUpgradeCheck = 0700;
				ORGANIZATIONNAME = "Gideon I. Glass";
				TargetAttributes = {
					204768E91C17715C000244D6 = {
						CreatedOnToolsVersion = 7.1.1;
						DevelopmentTeam = 4FRADE5ZJB;
					};
					204768F51C17715C000244D6 = {
						CreatedOnToolsVersion = 7.1.1;
						DevelopmentTeam = 4FRADE5ZJB;
					};
					2093B6621BBC740200EC5C7C = {
						CreatedOnToolsVersion = 7.0;
						DevelopmentTeam = 4FRADE5ZJB;
						SystemCapabilities = {
							com.apple.ApplicationGroups.iOS = {
								enabled = 0;
							};
							com.apple.BackgroundModes = {
								enabled = 1;
							};
						};
					};
					2093B6791BBC740200EC5C7C = {
						CreatedOnToolsVersion = 7.0;
						DevelopmentTeam = 4FRADE5ZJB;
						TestTargetID = 2093B6621BBC740200EC5C7C;
					};
					2093B6841BBC740200EC5C7C = {
						CreatedOnToolsVersion = 7.0;
						DevelopmentTeam = 4FRADE5ZJB;
						TestTargetID = 2093B6621BBC740200EC5C7C;
					};
				};
			};
			buildConfigurationList = 2093B65E1BBC740200EC5C7C /* Build configuration list for PBXProject "smart-alarm" */;
			compatibilityVersion = "Xcode 3.2";
			developmentRegion = English;
			hasScannedForEncodings = 0;
			knownRegions = (
				en,
				Base,
			);
			mainGroup = 2093B65A1BBC740200EC5C7C;
			productRefGroup = 2093B6641BBC740200EC5C7C /* Products */;
			projectDirPath = "";
			projectRoot = "";
			targets = (
				2093B6621BBC740200EC5C7C /* smart-alarm */,
				2093B6791BBC740200EC5C7C /* smart-alarmTests */,
				2093B6841BBC740200EC5C7C /* smart-alarmUITests */,
				204768E91C17715C000244D6 /* smart-alarm-watch */,
				204768F51C17715C000244D6 /* smart-alarm-watch Extension */,
			);
		};
/* End PBXProject section */

/* Begin PBXResourcesBuildPhase section */
		204768E81C17715C000244D6 /* Resources */ = {
			isa = PBXResourcesBuildPhase;
			buildActionMask = 2147483647;
			files = (
				204768F01C17715C000244D6 /* Assets.xcassets in Resources */,
				204768EE1C17715C000244D6 /* Interface.storyboard in Resources */,
			);
			runOnlyForDeploymentPostprocessing = 0;
		};
		204768F41C17715C000244D6 /* Resources */ = {
			isa = PBXResourcesBuildPhase;
			buildActionMask = 2147483647;
			files = (
				204769061C17715C000244D6 /* Assets.xcassets in Resources */,
			);
			runOnlyForDeploymentPostprocessing = 0;
		};
		2093B6611BBC740200EC5C7C /* Resources */ = {
			isa = PBXResourcesBuildPhase;
			buildActionMask = 2147483647;
			files = (
				2093B6741BBC740200EC5C7C /* LaunchScreen.storyboard in Resources */,
				20A5CA4B1C15FE140074DAD2 /* Lato-Hairline.ttf in Resources */,
				20A5CA4A1C15FE140074DAD2 /* Lato-Bold.ttf in Resources */,
				2093B6711BBC740200EC5C7C /* Assets.xcassets in Resources */,
				205A2B521C173A8F00AC6F27 /* loud_alarm.caf in Resources */,
				20A5CA4D1C15FE140074DAD2 /* Lato-Regular.ttf in Resources */,
				20A5CA491C15FE140074DAD2 /* Lato-Black.ttf in Resources */,
				2093B66C1BBC740200EC5C7C /* Main.storyboard in Resources */,
				20A5CA4C1C15FE140074DAD2 /* Lato-Light.ttf in Resources */,
			);
			runOnlyForDeploymentPostprocessing = 0;
		};
		2093B6781BBC740200EC5C7C /* Resources */ = {
			isa = PBXResourcesBuildPhase;
			buildActionMask = 2147483647;
			files = (
			);
			runOnlyForDeploymentPostprocessing = 0;
		};
		2093B6831BBC740200EC5C7C /* Resources */ = {
			isa = PBXResourcesBuildPhase;
			buildActionMask = 2147483647;
			files = (
			);
			runOnlyForDeploymentPostprocessing = 0;
		};
/* End PBXResourcesBuildPhase section */

/* Begin PBXShellScriptBuildPhase section */
		203272211BC573A800E1D35F /* ShellScript */ = {
			isa = PBXShellScriptBuildPhase;
			buildActionMask = 2147483647;
			files = (
			);
			inputPaths = (
			);
			outputPaths = (
			);
			runOnlyForDeploymentPostprocessing = 0;
			shellPath = /bin/sh;
			shellScript = "./Fabric.framework/run 7ec401665c34b95664efc7acee2d43ac7189ec9b bd3fa6a63bf4b05e78c6ab16070719c6dcdf7bafc4db53ec5a3011c85edf78b0";
		};
/* End PBXShellScriptBuildPhase section */

/* Begin PBXSourcesBuildPhase section */
		204768F21C17715C000244D6 /* Sources */ = {
			isa = PBXSourcesBuildPhase;
			buildActionMask = 2147483647;
			files = (
				204769021C17715C000244D6 /* NotificationController.swift in Sources */,
				204769001C17715C000244D6 /* ExtensionDelegate.swift in Sources */,
				204769201C1788D3000244D6 /* Activity.swift in Sources */,
				204768FE1C17715C000244D6 /* InterfaceController.swift in Sources */,
				204769181C17797A000244D6 /* WKAlarmRowController.swift in Sources */,
				204769221C1788D3000244D6 /* Destination.swift in Sources */,
				204769041C17715C000244D6 /* GlanceController.swift in Sources */,
				204769211C1788D3000244D6 /* Routine.swift in Sources */,
				2047691F1C1785E4000244D6 /* Alarm.swift in Sources */,
			);
			runOnlyForDeploymentPostprocessing = 0;
		};
		2093B65F1BBC740200EC5C7C /* Sources */ = {
			isa = PBXSourcesBuildPhase;
			buildActionMask = 2147483647;
			files = (
				2034B68C1BDFD2D300CB6FCA /* Activity.swift in Sources */,
				200638C01BDEBADE00799CFC /* AlarmTableViewController.swift in Sources */,
				204769171C17797A000244D6 /* WKAlarmRowController.swift in Sources */,
				209443DD1BFB7274000E46B0 /* AlarmList.swift in Sources */,
				20A092B61BD0234200745784 /* DetailTableViewController.swift in Sources */,
				2092ED161BDEC99E00D8F112 /* AlarmTableViewCell.swift in Sources */,
				2093B6981BBC746C00EC5C7C /* HTTP.swift in Sources */,
				202F0FCC1BD54B8C00799850 /* LocationViewController.swift in Sources */,
				2037BDA71BD33CFA00F45644 /* RoutineTableViewController.swift in Sources */,
				2092ED141BDEC97700D8F112 /* Alarm.swift in Sources */,
				2093B66F1BBC740200EC5C7C /* smart_alarm.xcdatamodeld in Sources */,
				208D95B31BD3F0C60099611F /* ActivityTableViewController.swift in Sources */,
				2034B68E1BDFD3A700CB6FCA /* Routine.swift in Sources */,
				2051920A1BFD233300457CEB /* Destination.swift in Sources */,
				2093B6671BBC740200EC5C7C /* AppDelegate.swift in Sources */,
			);
			runOnlyForDeploymentPostprocessing = 0;
		};
		2093B6761BBC740200EC5C7C /* Sources */ = {
			isa = PBXSourcesBuildPhase;
			buildActionMask = 2147483647;
			files = (
				2093B67F1BBC740200EC5C7C /* smart_alarmTests.swift in Sources */,
				2093B6991BBC746C00EC5C7C /* HTTP.swift in Sources */,
				64228B951BEAF76B00263DBF /* AlarmTests.swift in Sources */,
			);
			runOnlyForDeploymentPostprocessing = 0;
		};
		2093B6811BBC740200EC5C7C /* Sources */ = {
			isa = PBXSourcesBuildPhase;
			buildActionMask = 2147483647;
			files = (
				2093B68A1BBC740200EC5C7C /* smart_alarmUITests.swift in Sources */,
				2093B69A1BBC746C00EC5C7C /* HTTP.swift in Sources */,
			);
			runOnlyForDeploymentPostprocessing = 0;
		};
/* End PBXSourcesBuildPhase section */

/* Begin PBXTargetDependency section */
		204768F91C17715C000244D6 /* PBXTargetDependency */ = {
			isa = PBXTargetDependency;
			target = 204768F51C17715C000244D6 /* smart-alarm-watch Extension */;
			targetProxy = 204768F81C17715C000244D6 /* PBXContainerItemProxy */;
		};
		204769091C17715C000244D6 /* PBXTargetDependency */ = {
			isa = PBXTargetDependency;
			target = 204768E91C17715C000244D6 /* smart-alarm-watch */;
			targetProxy = 204769081C17715C000244D6 /* PBXContainerItemProxy */;
		};
		2093B67C1BBC740200EC5C7C /* PBXTargetDependency */ = {
			isa = PBXTargetDependency;
			target = 2093B6621BBC740200EC5C7C /* smart-alarm */;
			targetProxy = 2093B67B1BBC740200EC5C7C /* PBXContainerItemProxy */;
		};
		2093B6871BBC740200EC5C7C /* PBXTargetDependency */ = {
			isa = PBXTargetDependency;
			target = 2093B6621BBC740200EC5C7C /* smart-alarm */;
			targetProxy = 2093B6861BBC740200EC5C7C /* PBXContainerItemProxy */;
		};
/* End PBXTargetDependency section */

/* Begin PBXVariantGroup section */
		204768EC1C17715C000244D6 /* Interface.storyboard */ = {
			isa = PBXVariantGroup;
			children = (
				204768ED1C17715C000244D6 /* Base */,
			);
			name = Interface.storyboard;
			sourceTree = "<group>";
		};
		2093B66A1BBC740200EC5C7C /* Main.storyboard */ = {
			isa = PBXVariantGroup;
			children = (
				2093B66B1BBC740200EC5C7C /* Base */,
			);
			name = Main.storyboard;
			sourceTree = "<group>";
		};
		2093B6721BBC740200EC5C7C /* LaunchScreen.storyboard */ = {
			isa = PBXVariantGroup;
			children = (
				2093B6731BBC740200EC5C7C /* Base */,
			);
			name = LaunchScreen.storyboard;
			sourceTree = "<group>";
		};
/* End PBXVariantGroup section */

/* Begin XCBuildConfiguration section */
		2047690B1C17715C000244D6 /* Debug */ = {
			isa = XCBuildConfiguration;
			buildSettings = {
				ASSETCATALOG_COMPILER_APPICON_NAME = AppIcon;
				CODE_SIGN_IDENTITY = "iPhone Developer";
				EMBEDDED_CONTENT_CONTAINS_SWIFT = YES;
				IBSC_MODULE = smart_alarm_watch_Extension;
				INFOPLIST_FILE = "smart-alarm-watch/Info.plist";
				PRODUCT_BUNDLE_IDENTIFIER = "edu.cornell.tech.smart-alarm.watchkitapp";
				PRODUCT_NAME = "$(TARGET_NAME)";
				SDKROOT = watchos;
				SKIP_INSTALL = YES;
				TARGETED_DEVICE_FAMILY = 4;
				WATCHOS_DEPLOYMENT_TARGET = 2.0;
			};
			name = Debug;
		};
		2047690C1C17715C000244D6 /* Release */ = {
			isa = XCBuildConfiguration;
			buildSettings = {
				ASSETCATALOG_COMPILER_APPICON_NAME = AppIcon;
				CODE_SIGN_IDENTITY = "iPhone Developer";
				EMBEDDED_CONTENT_CONTAINS_SWIFT = YES;
				IBSC_MODULE = smart_alarm_watch_Extension;
				INFOPLIST_FILE = "smart-alarm-watch/Info.plist";
				PRODUCT_BUNDLE_IDENTIFIER = "edu.cornell.tech.smart-alarm.watchkitapp";
				PRODUCT_NAME = "$(TARGET_NAME)";
				SDKROOT = watchos;
				SKIP_INSTALL = YES;
				TARGETED_DEVICE_FAMILY = 4;
				WATCHOS_DEPLOYMENT_TARGET = 2.0;
			};
			name = Release;
		};
		2047690D1C17715C000244D6 /* Debug */ = {
			isa = XCBuildConfiguration;
			buildSettings = {
				INFOPLIST_FILE = "smart-alarm-watch Extension/Info.plist";
				LD_RUNPATH_SEARCH_PATHS = "$(inherited) @executable_path/Frameworks @executable_path/../../Frameworks";
				PRODUCT_BUNDLE_IDENTIFIER = "edu.cornell.tech.smart-alarm.watchkitapp.watchkitextension";
				PRODUCT_NAME = "${TARGET_NAME}";
				SDKROOT = watchos;
				SKIP_INSTALL = YES;
				TARGETED_DEVICE_FAMILY = 4;
				WATCHOS_DEPLOYMENT_TARGET = 2.0;
			};
			name = Debug;
		};
		2047690E1C17715C000244D6 /* Release */ = {
			isa = XCBuildConfiguration;
			buildSettings = {
				INFOPLIST_FILE = "smart-alarm-watch Extension/Info.plist";
				LD_RUNPATH_SEARCH_PATHS = "$(inherited) @executable_path/Frameworks @executable_path/../../Frameworks";
				PRODUCT_BUNDLE_IDENTIFIER = "edu.cornell.tech.smart-alarm.watchkitapp.watchkitextension";
				PRODUCT_NAME = "${TARGET_NAME}";
				SDKROOT = watchos;
				SKIP_INSTALL = YES;
				TARGETED_DEVICE_FAMILY = 4;
				WATCHOS_DEPLOYMENT_TARGET = 2.0;
			};
			name = Release;
		};
		2093B68C1BBC740200EC5C7C /* Debug */ = {
			isa = XCBuildConfiguration;
			buildSettings = {
				ALWAYS_SEARCH_USER_PATHS = NO;
				CLANG_CXX_LANGUAGE_STANDARD = "gnu++0x";
				CLANG_CXX_LIBRARY = "libc++";
				CLANG_ENABLE_MODULES = YES;
				CLANG_ENABLE_OBJC_ARC = YES;
				CLANG_WARN_BOOL_CONVERSION = YES;
				CLANG_WARN_CONSTANT_CONVERSION = YES;
				CLANG_WARN_DIRECT_OBJC_ISA_USAGE = YES_ERROR;
				CLANG_WARN_EMPTY_BODY = YES;
				CLANG_WARN_ENUM_CONVERSION = YES;
				CLANG_WARN_INT_CONVERSION = YES;
				CLANG_WARN_OBJC_ROOT_CLASS = YES_ERROR;
				CLANG_WARN_UNREACHABLE_CODE = YES;
				CLANG_WARN__DUPLICATE_METHOD_MATCH = YES;
				"CODE_SIGN_IDENTITY[sdk=iphoneos*]" = "iPhone Developer";
				COPY_PHASE_STRIP = NO;
				DEBUG_INFORMATION_FORMAT = dwarf;
				ENABLE_STRICT_OBJC_MSGSEND = YES;
				ENABLE_TESTABILITY = YES;
				GCC_C_LANGUAGE_STANDARD = gnu99;
				GCC_DYNAMIC_NO_PIC = NO;
				GCC_NO_COMMON_BLOCKS = YES;
				GCC_OPTIMIZATION_LEVEL = 0;
				GCC_PREPROCESSOR_DEFINITIONS = (
					"DEBUG=1",
					"$(inherited)",
				);
				GCC_WARN_64_TO_32_BIT_CONVERSION = YES;
				GCC_WARN_ABOUT_RETURN_TYPE = YES_ERROR;
				GCC_WARN_UNDECLARED_SELECTOR = YES;
				GCC_WARN_UNINITIALIZED_AUTOS = YES_AGGRESSIVE;
				GCC_WARN_UNUSED_FUNCTION = YES;
				GCC_WARN_UNUSED_VARIABLE = YES;
				IPHONEOS_DEPLOYMENT_TARGET = 9.0;
				MTL_ENABLE_DEBUG_INFO = YES;
				ONLY_ACTIVE_ARCH = YES;
				SDKROOT = iphoneos;
				SWIFT_OPTIMIZATION_LEVEL = "-Onone";
			};
			name = Debug;
		};
		2093B68D1BBC740200EC5C7C /* Release */ = {
			isa = XCBuildConfiguration;
			buildSettings = {
				ALWAYS_SEARCH_USER_PATHS = NO;
				CLANG_CXX_LANGUAGE_STANDARD = "gnu++0x";
				CLANG_CXX_LIBRARY = "libc++";
				CLANG_ENABLE_MODULES = YES;
				CLANG_ENABLE_OBJC_ARC = YES;
				CLANG_WARN_BOOL_CONVERSION = YES;
				CLANG_WARN_CONSTANT_CONVERSION = YES;
				CLANG_WARN_DIRECT_OBJC_ISA_USAGE = YES_ERROR;
				CLANG_WARN_EMPTY_BODY = YES;
				CLANG_WARN_ENUM_CONVERSION = YES;
				CLANG_WARN_INT_CONVERSION = YES;
				CLANG_WARN_OBJC_ROOT_CLASS = YES_ERROR;
				CLANG_WARN_UNREACHABLE_CODE = YES;
				CLANG_WARN__DUPLICATE_METHOD_MATCH = YES;
				"CODE_SIGN_IDENTITY[sdk=iphoneos*]" = "iPhone Developer";
				COPY_PHASE_STRIP = NO;
				DEBUG_INFORMATION_FORMAT = "dwarf-with-dsym";
				ENABLE_NS_ASSERTIONS = NO;
				ENABLE_STRICT_OBJC_MSGSEND = YES;
				GCC_C_LANGUAGE_STANDARD = gnu99;
				GCC_NO_COMMON_BLOCKS = YES;
				GCC_WARN_64_TO_32_BIT_CONVERSION = YES;
				GCC_WARN_ABOUT_RETURN_TYPE = YES_ERROR;
				GCC_WARN_UNDECLARED_SELECTOR = YES;
				GCC_WARN_UNINITIALIZED_AUTOS = YES_AGGRESSIVE;
				GCC_WARN_UNUSED_FUNCTION = YES;
				GCC_WARN_UNUSED_VARIABLE = YES;
				IPHONEOS_DEPLOYMENT_TARGET = 9.0;
				MTL_ENABLE_DEBUG_INFO = NO;
				SDKROOT = iphoneos;
				VALIDATE_PRODUCT = YES;
			};
			name = Release;
		};
		2093B68F1BBC740200EC5C7C /* Debug */ = {
			isa = XCBuildConfiguration;
			buildSettings = {
				ASSETCATALOG_COMPILER_APPICON_NAME = AppIcon;
				CODE_SIGN_IDENTITY = "iPhone Developer";
				"CODE_SIGN_IDENTITY[sdk=iphoneos*]" = "iPhone Developer";
				FRAMEWORK_SEARCH_PATHS = (
					"$(inherited)",
					"$(PROJECT_DIR)",
				);
				INFOPLIST_FILE = "smart-alarm/Info.plist";
				LD_RUNPATH_SEARCH_PATHS = "$(inherited) @executable_path/Frameworks";
				PRODUCT_BUNDLE_IDENTIFIER = "edu.cornell.tech.smart-alarm";
				PRODUCT_NAME = "$(TARGET_NAME)";
				PROVISIONING_PROFILE = "";
			};
			name = Debug;
		};
		2093B6901BBC740200EC5C7C /* Release */ = {
			isa = XCBuildConfiguration;
			buildSettings = {
				ASSETCATALOG_COMPILER_APPICON_NAME = AppIcon;
				CODE_SIGN_IDENTITY = "iPhone Developer";
				"CODE_SIGN_IDENTITY[sdk=iphoneos*]" = "iPhone Developer";
				FRAMEWORK_SEARCH_PATHS = (
					"$(inherited)",
					"$(PROJECT_DIR)",
				);
				INFOPLIST_FILE = "smart-alarm/Info.plist";
				LD_RUNPATH_SEARCH_PATHS = "$(inherited) @executable_path/Frameworks";
				PRODUCT_BUNDLE_IDENTIFIER = "edu.cornell.tech.smart-alarm";
				PRODUCT_NAME = "$(TARGET_NAME)";
				PROVISIONING_PROFILE = "";
			};
			name = Release;
		};
		2093B6921BBC740200EC5C7C /* Debug */ = {
			isa = XCBuildConfiguration;
			buildSettings = {
				BUNDLE_LOADER = "$(TEST_HOST)";
				INFOPLIST_FILE = "smart-alarmTests/Info.plist";
				LD_RUNPATH_SEARCH_PATHS = "$(inherited) @executable_path/Frameworks @loader_path/Frameworks";
				PRODUCT_BUNDLE_IDENTIFIER = "edu.cs5356.smart-alarmTests";
				PRODUCT_NAME = "$(TARGET_NAME)";
				TEST_HOST = "$(BUILT_PRODUCTS_DIR)/smart-alarm.app/smart-alarm";
			};
			name = Debug;
		};
		2093B6931BBC740200EC5C7C /* Release */ = {
			isa = XCBuildConfiguration;
			buildSettings = {
				BUNDLE_LOADER = "$(TEST_HOST)";
				INFOPLIST_FILE = "smart-alarmTests/Info.plist";
				LD_RUNPATH_SEARCH_PATHS = "$(inherited) @executable_path/Frameworks @loader_path/Frameworks";
				PRODUCT_BUNDLE_IDENTIFIER = "edu.cs5356.smart-alarmTests";
				PRODUCT_NAME = "$(TARGET_NAME)";
				TEST_HOST = "$(BUILT_PRODUCTS_DIR)/smart-alarm.app/smart-alarm";
			};
			name = Release;
		};
		2093B6951BBC740200EC5C7C /* Debug */ = {
			isa = XCBuildConfiguration;
			buildSettings = {
				INFOPLIST_FILE = "smart-alarmUITests/Info.plist";
				LD_RUNPATH_SEARCH_PATHS = "$(inherited) @executable_path/Frameworks @loader_path/Frameworks";
				PRODUCT_BUNDLE_IDENTIFIER = "edu.cs5356.smart-alarmUITests";
				PRODUCT_NAME = "$(TARGET_NAME)";
				TEST_TARGET_NAME = "smart-alarm";
				USES_XCTRUNNER = YES;
			};
			name = Debug;
		};
		2093B6961BBC740200EC5C7C /* Release */ = {
			isa = XCBuildConfiguration;
			buildSettings = {
				INFOPLIST_FILE = "smart-alarmUITests/Info.plist";
				LD_RUNPATH_SEARCH_PATHS = "$(inherited) @executable_path/Frameworks @loader_path/Frameworks";
				PRODUCT_BUNDLE_IDENTIFIER = "edu.cs5356.smart-alarmUITests";
				PRODUCT_NAME = "$(TARGET_NAME)";
				TEST_TARGET_NAME = "smart-alarm";
				USES_XCTRUNNER = YES;
			};
			name = Release;
		};
/* End XCBuildConfiguration section */

/* Begin XCConfigurationList section */
		2047690F1C17715C000244D6 /* Build configuration list for PBXNativeTarget "smart-alarm-watch Extension" */ = {
			isa = XCConfigurationList;
			buildConfigurations = (
				2047690D1C17715C000244D6 /* Debug */,
				2047690E1C17715C000244D6 /* Release */,
			);
			defaultConfigurationIsVisible = 0;
			defaultConfigurationName = Release;
		};
		204769111C17715C000244D6 /* Build configuration list for PBXNativeTarget "smart-alarm-watch" */ = {
			isa = XCConfigurationList;
			buildConfigurations = (
				2047690B1C17715C000244D6 /* Debug */,
				2047690C1C17715C000244D6 /* Release */,
			);
			defaultConfigurationIsVisible = 0;
			defaultConfigurationName = Release;
		};
		2093B65E1BBC740200EC5C7C /* Build configuration list for PBXProject "smart-alarm" */ = {
			isa = XCConfigurationList;
			buildConfigurations = (
				2093B68C1BBC740200EC5C7C /* Debug */,
				2093B68D1BBC740200EC5C7C /* Release */,
			);
			defaultConfigurationIsVisible = 0;
			defaultConfigurationName = Release;
		};
		2093B68E1BBC740200EC5C7C /* Build configuration list for PBXNativeTarget "smart-alarm" */ = {
			isa = XCConfigurationList;
			buildConfigurations = (
				2093B68F1BBC740200EC5C7C /* Debug */,
				2093B6901BBC740200EC5C7C /* Release */,
			);
			defaultConfigurationIsVisible = 0;
			defaultConfigurationName = Release;
		};
		2093B6911BBC740200EC5C7C /* Build configuration list for PBXNativeTarget "smart-alarmTests" */ = {
			isa = XCConfigurationList;
			buildConfigurations = (
				2093B6921BBC740200EC5C7C /* Debug */,
				2093B6931BBC740200EC5C7C /* Release */,
			);
			defaultConfigurationIsVisible = 0;
			defaultConfigurationName = Release;
		};
		2093B6941BBC740200EC5C7C /* Build configuration list for PBXNativeTarget "smart-alarmUITests" */ = {
			isa = XCConfigurationList;
			buildConfigurations = (
				2093B6951BBC740200EC5C7C /* Debug */,
				2093B6961BBC740200EC5C7C /* Release */,
			);
			defaultConfigurationIsVisible = 0;
			defaultConfigurationName = Release;
		};
/* End XCConfigurationList section */

/* Begin XCVersionGroup section */
		2093B66D1BBC740200EC5C7C /* smart_alarm.xcdatamodeld */ = {
			isa = XCVersionGroup;
			children = (
				2093B66E1BBC740200EC5C7C /* smart_alarm.xcdatamodel */,
			);
			currentVersion = 2093B66E1BBC740200EC5C7C /* smart_alarm.xcdatamodel */;
			path = smart_alarm.xcdatamodeld;
			sourceTree = "<group>";
			versionGroupType = wrapper.xcdatamodel;
		};
/* End XCVersionGroup section */
	};
	rootObject = 2093B65B1BBC740200EC5C7C /* Project object */;
}
